
Microsoft Visual Studio Solution File, Format Version 12.00
# Visual Studio Version 17
VisualStudioVersion = 17.10.35013.160
MinimumVisualStudioVersion = 10.0.40219.1
Project("{FAE04EC0-301F-11D3-BF4B-00C04F79EFBC}") = "RestApiClient", "RestApiClient\RestApiClient.csproj", "{89C7A40B-14F6-43B7-AC2E-4C1F21C4C8F3}"
EndProject
Global
	GlobalSection(SolutionConfigurationPlatforms) = preSolution
		Debug|Any CPU = Debug|Any CPU
		Release|Any CPU = Release|Any CPU
	EndGlobalSection
	GlobalSection(ProjectConfigurationPlatforms) = postSolution
		{89C7A40B-14F6-43B7-AC2E-4C1F21C4C8F3}.Debug|Any CPU.ActiveCfg = Debug|Any CPU
		{89C7A40B-14F6-43B7-AC2E-4C1F21C4C8F3}.Debug|Any CPU.Build.0 = Debug|Any CPU
		{89C7A40B-14F6-43B7-AC2E-4C1F21C4C8F3}.Release|Any CPU.ActiveCfg = Release|Any CPU
		{89C7A40B-14F6-43B7-AC2E-4C1F21C4C8F3}.Release|Any CPU.Build.0 = Release|Any CPU
	EndGlobalSection
	GlobalSection(SolutionProperties) = preSolution
		HideSolutionNode = FALSE
	EndGlobalSection
	GlobalSection(ExtensibilityGlobals) = postSolution
		SolutionGuid = {FF4A00B7-318E-492A-9ED4-7D230B240F9F}
	EndGlobalSection
EndGlobal
